
Microsoft Visual Studio Solution File, Format Version 12.00
# Visual Studio Version 17
VisualStudioVersion = 17.5.002.0
MinimumVisualStudioVersion = 10.0.40219.1
Project("{9A19103F-16F7-4668-BE54-9A1E7A4F7556}") = "incidentdbapi", "incidentdbapi.csproj", "{4CF0A645-99A2-4FE8-8CB0-6D3D68F63150}"
EndProject
Global
	GlobalSection(SolutionConfigurationPlatforms) = preSolution
		Debug|Any CPU = Debug|Any CPU
		Release|Any CPU = Release|Any CPU
	EndGlobalSection
	GlobalSection(ProjectConfigurationPlatforms) = postSolution
		{4CF0A645-99A2-4FE8-8CB0-6D3D68F63150}.Debug|Any CPU.ActiveCfg = Debug|Any CPU
		{4CF0A645-99A2-4FE8-8CB0-6D3D68F63150}.Debug|Any CPU.Build.0 = Debug|Any CPU
		{4CF0A645-99A2-4FE8-8CB0-6D3D68F63150}.Release|Any CPU.ActiveCfg = Release|Any CPU
		{4CF0A645-99A2-4FE8-8CB0-6D3D68F63150}.Release|Any CPU.Build.0 = Release|Any CPU
	EndGlobalSection
	GlobalSection(SolutionProperties) = preSolution
		HideSolutionNode = FALSE
	EndGlobalSection
	GlobalSection(ExtensibilityGlobals) = postSolution
		SolutionGuid = {76227EA8-1C9A-4FF7-94EF-985A3016843E}
	EndGlobalSection
EndGlobal
